// !$*UTF8*$!
{
	archiveVersion = 1;
	classes = {
	};
	objectVersion = 50;
	objects = {

/* Begin PBXBuildFile section */
		4B8511D724E591D3007892DE /* AppDelegate.m in Sources */ = {isa = PBXBuildFile; fileRef = 4B8511D624E591D3007892DE /* AppDelegate.m */; };
		4B8511DA24E591D3007892DE /* SceneDelegate.m in Sources */ = {isa = PBXBuildFile; fileRef = 4B8511D924E591D3007892DE /* SceneDelegate.m */; };
		4B8511E024E591D3007892DE /* Main.storyboard in Resources */ = {isa = PBXBuildFile; fileRef = 4B8511DE24E591D3007892DE /* Main.storyboard */; };
		4B8511E224E591D4007892DE /* Assets.xcassets in Resources */ = {isa = PBXBuildFile; fileRef = 4B8511E124E591D4007892DE /* Assets.xcassets */; };
		4B8511E524E591D4007892DE /* LaunchScreen.storyboard in Resources */ = {isa = PBXBuildFile; fileRef = 4B8511E324E591D4007892DE /* LaunchScreen.storyboard */; };
		4B8511E824E591D4007892DE /* main.m in Sources */ = {isa = PBXBuildFile; fileRef = 4B8511E724E591D4007892DE /* main.m */; };
		4B8511F724E59297007892DE /* IRBDog.m in Sources */ = {isa = PBXBuildFile; fileRef = 4B8511F624E59297007892DE /* IRBDog.m */; };
		4B8511FA24E59492007892DE /* IRBDogController.m in Sources */ = {isa = PBXBuildFile; fileRef = 4B8511F924E59492007892DE /* IRBDogController.m */; };
/* End PBXBuildFile section */

/* Begin PBXFileReference section */
		4B8511D224E591D3007892DE /* Dog-C.app */ = {isa = PBXFileReference; explicitFileType = wrapper.application; includeInIndex = 0; path = "Dog-C.app"; sourceTree = BUILT_PRODUCTS_DIR; };
		4B8511D524E591D3007892DE /* AppDelegate.h */ = {isa = PBXFileReference; lastKnownFileType = sourcecode.c.h; path = AppDelegate.h; sourceTree = "<group>"; };
		4B8511D624E591D3007892DE /* AppDelegate.m */ = {isa = PBXFileReference; lastKnownFileType = sourcecode.c.objc; path = AppDelegate.m; sourceTree = "<group>"; };
		4B8511D824E591D3007892DE /* SceneDelegate.h */ = {isa = PBXFileReference; lastKnownFileType = sourcecode.c.h; path = SceneDelegate.h; sourceTree = "<group>"; };
		4B8511D924E591D3007892DE /* SceneDelegate.m */ = {isa = PBXFileReference; lastKnownFileType = sourcecode.c.objc; path = SceneDelegate.m; sourceTree = "<group>"; };
		4B8511DF24E591D3007892DE /* Base */ = {isa = PBXFileReference; lastKnownFileType = file.storyboard; name = Base; path = Base.lproj/Main.storyboard; sourceTree = "<group>"; };
		4B8511E124E591D4007892DE /* Assets.xcassets */ = {isa = PBXFileReference; lastKnownFileType = folder.assetcatalog; path = Assets.xcassets; sourceTree = "<group>"; };
		4B8511E424E591D4007892DE /* Base */ = {isa = PBXFileReference; lastKnownFileType = file.storyboard; name = Base; path = Base.lproj/LaunchScreen.storyboard; sourceTree = "<group>"; };
		4B8511E624E591D4007892DE /* Info.plist */ = {isa = PBXFileReference; lastKnownFileType = text.plist.xml; path = Info.plist; sourceTree = "<group>"; };
		4B8511E724E591D4007892DE /* main.m */ = {isa = PBXFileReference; lastKnownFileType = sourcecode.c.objc; path = main.m; sourceTree = "<group>"; };
		4B8511F524E59297007892DE /* IRBDog.h */ = {isa = PBXFileReference; lastKnownFileType = sourcecode.c.h; path = IRBDog.h; sourceTree = "<group>"; };
		4B8511F624E59297007892DE /* IRBDog.m */ = {isa = PBXFileReference; lastKnownFileType = sourcecode.c.objc; path = IRBDog.m; sourceTree = "<group>"; };
		4B8511F824E59492007892DE /* IRBDogController.h */ = {isa = PBXFileReference; lastKnownFileType = sourcecode.c.h; path = IRBDogController.h; sourceTree = "<group>"; };
		4B8511F924E59492007892DE /* IRBDogController.m */ = {isa = PBXFileReference; lastKnownFileType = sourcecode.c.objc; path = IRBDogController.m; sourceTree = "<group>"; };
/* End PBXFileReference section */

/* Begin PBXFrameworksBuildPhase section */
		4B8511CF24E591D3007892DE /* Frameworks */ = {
			isa = PBXFrameworksBuildPhase;
			buildActionMask = 2147483647;
			files = (
			);
			runOnlyForDeploymentPostprocessing = 0;
		};
/* End PBXFrameworksBuildPhase section */

/* Begin PBXGroup section */
		4B8511C924E591D3007892DE = {
			isa = PBXGroup;
			children = (
				4B8511D424E591D3007892DE /* Dog-C */,
				4B8511D324E591D3007892DE /* Products */,
			);
			sourceTree = "<group>";
		};
		4B8511D324E591D3007892DE /* Products */ = {
			isa = PBXGroup;
			children = (
				4B8511D224E591D3007892DE /* Dog-C.app */,
			);
			name = Products;
			sourceTree = "<group>";
		};
		4B8511D424E591D3007892DE /* Dog-C */ = {
			isa = PBXGroup;
			children = (
				4B8511F424E5923F007892DE /* Model */,
				4B8511F024E59219007892DE /* Controllers */,
				4B8511EF24E59211007892DE /* View */,
				4B8511EE24E591E0007892DE /* Resources */,
			);
			path = "Dog-C";
			sourceTree = "<group>";
		};
		4B8511EE24E591E0007892DE /* Resources */ = {
			isa = PBXGroup;
			children = (
				4B8511D524E591D3007892DE /* AppDelegate.h */,
				4B8511D624E591D3007892DE /* AppDelegate.m */,
				4B8511D824E591D3007892DE /* SceneDelegate.h */,
				4B8511D924E591D3007892DE /* SceneDelegate.m */,
				4B8511E124E591D4007892DE /* Assets.xcassets */,
				4B8511E324E591D4007892DE /* LaunchScreen.storyboard */,
				4B8511E624E591D4007892DE /* Info.plist */,
				4B8511E724E591D4007892DE /* main.m */,
			);
			path = Resources;
			sourceTree = "<group>";
		};
		4B8511EF24E59211007892DE /* View */ = {
			isa = PBXGroup;
			children = (
				4B8511DE24E591D3007892DE /* Main.storyboard */,
			);
			path = View;
			sourceTree = "<group>";
		};
		4B8511F024E59219007892DE /* Controllers */ = {
			isa = PBXGroup;
			children = (
				4B8511F324E59236007892DE /* ModelController */,
				4B8511F124E59222007892DE /* ViewController */,
			);
			path = Controllers;
			sourceTree = "<group>";
		};
		4B8511F124E59222007892DE /* ViewController */ = {
			isa = PBXGroup;
			children = (
			);
			path = ViewController;
			sourceTree = "<group>";
		};
		4B8511F324E59236007892DE /* ModelController */ = {
			isa = PBXGroup;
			children = (
				4B8511F824E59492007892DE /* IRBDogController.h */,
				4B8511F924E59492007892DE /* IRBDogController.m */,
			);
			path = ModelController;
			sourceTree = "<group>";
		};
		4B8511F424E5923F007892DE /* Model */ = {
			isa = PBXGroup;
			children = (
				4B8511F524E59297007892DE /* IRBDog.h */,
				4B8511F624E59297007892DE /* IRBDog.m */,
			);
			path = Model;
			sourceTree = "<group>";
		};
/* End PBXGroup section */

/* Begin PBXNativeTarget section */
		4B8511D124E591D3007892DE /* Dog-C */ = {
			isa = PBXNativeTarget;
			buildConfigurationList = 4B8511EB24E591D4007892DE /* Build configuration list for PBXNativeTarget "Dog-C" */;
			buildPhases = (
				4B8511CE24E591D3007892DE /* Sources */,
				4B8511CF24E591D3007892DE /* Frameworks */,
				4B8511D024E591D3007892DE /* Resources */,
			);
			buildRules = (
			);
			dependencies = (
			);
			name = "Dog-C";
			productName = "Dog-C";
			productReference = 4B8511D224E591D3007892DE /* Dog-C.app */;
			productType = "com.apple.product-type.application";
		};
/* End PBXNativeTarget section */

/* Begin PBXProject section */
		4B8511CA24E591D3007892DE /* Project object */ = {
			isa = PBXProject;
			attributes = {
				CLASSPREFIX = IRB;
				LastUpgradeCheck = 1160;
				ORGANIZATIONNAME = "Ian Becker";
				TargetAttributes = {
					4B8511D124E591D3007892DE = {
						CreatedOnToolsVersion = 11.6;
					};
				};
			};
			buildConfigurationList = 4B8511CD24E591D3007892DE /* Build configuration list for PBXProject "Dog-C" */;
			compatibilityVersion = "Xcode 9.3";
			developmentRegion = en;
			hasScannedForEncodings = 0;
			knownRegions = (
				en,
				Base,
			);
			mainGroup = 4B8511C924E591D3007892DE;
			productRefGroup = 4B8511D324E591D3007892DE /* Products */;
			projectDirPath = "";
			projectRoot = "";
			targets = (
				4B8511D124E591D3007892DE /* Dog-C */,
			);
		};
/* End PBXProject section */

/* Begin PBXResourcesBuildPhase section */
		4B8511D024E591D3007892DE /* Resources */ = {
			isa = PBXResourcesBuildPhase;
			buildActionMask = 2147483647;
			files = (
				4B8511E524E591D4007892DE /* LaunchScreen.storyboard in Resources */,
				4B8511E224E591D4007892DE /* Assets.xcassets in Resources */,
				4B8511E024E591D3007892DE /* Main.storyboard in Resources */,
			);
			runOnlyForDeploymentPostprocessing = 0;
		};
/* End PBXResourcesBuildPhase section */

/* Begin PBXSourcesBuildPhase section */
		4B8511CE24E591D3007892DE /* Sources */ = {
			isa = PBXSourcesBuildPhase;
			buildActionMask = 2147483647;
			files = (
				4B8511D724E591D3007892DE /* AppDelegate.m in Sources */,
				4B8511FA24E59492007892DE /* IRBDogController.m in Sources */,
				4B8511E824E591D4007892DE /* main.m in Sources */,
				4B8511F724E59297007892DE /* IRBDog.m in Sources */,
				4B8511DA24E591D3007892DE /* SceneDelegate.m in Sources */,
			);
			runOnlyForDeploymentPostprocessing = 0;
		};
/* End PBXSourcesBuildPhase section */

/* Begin PBXVariantGroup section */
		4B8511DE24E591D3007892DE /* Main.storyboard */ = {
			isa = PBXVariantGroup;
			children = (
				4B8511DF24E591D3007892DE /* Base */,
			);
			name = Main.storyboard;
			sourceTree = "<group>";
		};
		4B8511E324E591D4007892DE /* LaunchScreen.storyboard */ = {
			isa = PBXVariantGroup;
			children = (
				4B8511E424E591D4007892DE /* Base */,
			);
			name = LaunchScreen.storyboard;
			sourceTree = "<group>";
		};
/* End PBXVariantGroup section */

/* Begin XCBuildConfiguration section */
		4B8511E924E591D4007892DE /* Debug */ = {
			isa = XCBuildConfiguration;
			buildSettings = {
				ALWAYS_SEARCH_USER_PATHS = NO;
				CLANG_ANALYZER_NONNULL = YES;
				CLANG_ANALYZER_NUMBER_OBJECT_CONVERSION = YES_AGGRESSIVE;
				CLANG_CXX_LANGUAGE_STANDARD = "gnu++14";
				CLANG_CXX_LIBRARY = "libc++";
				CLANG_ENABLE_MODULES = YES;
				CLANG_ENABLE_OBJC_ARC = YES;
				CLANG_ENABLE_OBJC_WEAK = YES;
				CLANG_WARN_BLOCK_CAPTURE_AUTORELEASING = YES;
				CLANG_WARN_BOOL_CONVERSION = YES;
				CLANG_WARN_COMMA = YES;
				CLANG_WARN_CONSTANT_CONVERSION = YES;
				CLANG_WARN_DEPRECATED_OBJC_IMPLEMENTATIONS = YES;
				CLANG_WARN_DIRECT_OBJC_ISA_USAGE = YES_ERROR;
				CLANG_WARN_DOCUMENTATION_COMMENTS = YES;
				CLANG_WARN_EMPTY_BODY = YES;
				CLANG_WARN_ENUM_CONVERSION = YES;
				CLANG_WARN_INFINITE_RECURSION = YES;
				CLANG_WARN_INT_CONVERSION = YES;
				CLANG_WARN_NON_LITERAL_NULL_CONVERSION = YES;
				CLANG_WARN_OBJC_IMPLICIT_RETAIN_SELF = YES;
				CLANG_WARN_OBJC_LITERAL_CONVERSION = YES;
				CLANG_WARN_OBJC_ROOT_CLASS = YES_ERROR;
				CLANG_WARN_RANGE_LOOP_ANALYSIS = YES;
				CLANG_WARN_STRICT_PROTOTYPES = YES;
				CLANG_WARN_SUSPICIOUS_MOVE = YES;
				CLANG_WARN_UNGUARDED_AVAILABILITY = YES_AGGRESSIVE;
				CLANG_WARN_UNREACHABLE_CODE = YES;
				CLANG_WARN__DUPLICATE_METHOD_MATCH = YES;
				COPY_PHASE_STRIP = NO;
				DEBUG_INFORMATION_FORMAT = dwarf;
				ENABLE_STRICT_OBJC_MSGSEND = YES;
				ENABLE_TESTABILITY = YES;
				GCC_C_LANGUAGE_STANDARD = gnu11;
				GCC_DYNAMIC_NO_PIC = NO;
				GCC_NO_COMMON_BLOCKS = YES;
				GCC_OPTIMIZATION_LEVEL = 0;
				GCC_PREPROCESSOR_DEFINITIONS = (
					"DEBUG=1",
					"$(inherited)",
				);
				GCC_WARN_64_TO_32_BIT_CONVERSION = YES;
				GCC_WARN_ABOUT_RETURN_TYPE = YES_ERROR;
				GCC_WARN_UNDECLARED_SELECTOR = YES;
				GCC_WARN_UNINITIALIZED_AUTOS = YES_AGGRESSIVE;
				GCC_WARN_UNUSED_FUNCTION = YES;
				GCC_WARN_UNUSED_VARIABLE = YES;
				IPHONEOS_DEPLOYMENT_TARGET = 13.6;
				MTL_ENABLE_DEBUG_INFO = INCLUDE_SOURCE;
				MTL_FAST_MATH = YES;
				ONLY_ACTIVE_ARCH = YES;
				SDKROOT = iphoneos;
			};
			name = Debug;
		};
		4B8511EA24E591D4007892DE /* Release */ = {
			isa = XCBuildConfiguration;
			buildSettings = {
				ALWAYS_SEARCH_USER_PATHS = NO;
				CLANG_ANALYZER_NONNULL = YES;
				CLANG_ANALYZER_NUMBER_OBJECT_CONVERSION = YES_AGGRESSIVE;
				CLANG_CXX_LANGUAGE_STANDARD = "gnu++14";
				CLANG_CXX_LIBRARY = "libc++";
				CLANG_ENABLE_MODULES = YES;
				CLANG_ENABLE_OBJC_ARC = YES;
				CLANG_ENABLE_OBJC_WEAK = YES;
				CLANG_WARN_BLOCK_CAPTURE_AUTORELEASING = YES;
				CLANG_WARN_BOOL_CONVERSION = YES;
				CLANG_WARN_COMMA = YES;
				CLANG_WARN_CONSTANT_CONVERSION = YES;
				CLANG_WARN_DEPRECATED_OBJC_IMPLEMENTATIONS = YES;
				CLANG_WARN_DIRECT_OBJC_ISA_USAGE = YES_ERROR;
				CLANG_WARN_DOCUMENTATION_COMMENTS = YES;
				CLANG_WARN_EMPTY_BODY = YES;
				CLANG_WARN_ENUM_CONVERSION = YES;
				CLANG_WARN_INFINITE_RECURSION = YES;
				CLANG_WARN_INT_CONVERSION = YES;
				CLANG_WARN_NON_LITERAL_NULL_CONVERSION = YES;
				CLANG_WARN_OBJC_IMPLICIT_RETAIN_SELF = YES;
				CLANG_WARN_OBJC_LITERAL_CONVERSION = YES;
				CLANG_WARN_OBJC_ROOT_CLASS = YES_ERROR;
				CLANG_WARN_RANGE_LOOP_ANALYSIS = YES;
				CLANG_WARN_STRICT_PROTOTYPES = YES;
				CLANG_WARN_SUSPICIOUS_MOVE = YES;
				CLANG_WARN_UNGUARDED_AVAILABILITY = YES_AGGRESSIVE;
				CLANG_WARN_UNREACHABLE_CODE = YES;
				CLANG_WARN__DUPLICATE_METHOD_MATCH = YES;
				COPY_PHASE_STRIP = NO;
				DEBUG_INFORMATION_FORMAT = "dwarf-with-dsym";
				ENABLE_NS_ASSERTIONS = NO;
				ENABLE_STRICT_OBJC_MSGSEND = YES;
				GCC_C_LANGUAGE_STANDARD = gnu11;
				GCC_NO_COMMON_BLOCKS = YES;
				GCC_WARN_64_TO_32_BIT_CONVERSION = YES;
				GCC_WARN_ABOUT_RETURN_TYPE = YES_ERROR;
				GCC_WARN_UNDECLARED_SELECTOR = YES;
				GCC_WARN_UNINITIALIZED_AUTOS = YES_AGGRESSIVE;
				GCC_WARN_UNUSED_FUNCTION = YES;
				GCC_WARN_UNUSED_VARIABLE = YES;
				IPHONEOS_DEPLOYMENT_TARGET = 13.6;
				MTL_ENABLE_DEBUG_INFO = NO;
				MTL_FAST_MATH = YES;
				SDKROOT = iphoneos;
				VALIDATE_PRODUCT = YES;
			};
			name = Release;
		};
		4B8511EC24E591D4007892DE /* Debug */ = {
			isa = XCBuildConfiguration;
			buildSettings = {
				ASSETCATALOG_COMPILER_APPICON_NAME = AppIcon;
				CODE_SIGN_STYLE = Automatic;
				DEVELOPMENT_TEAM = 4R3M5PR4UZ;
				INFOPLIST_FILE = "Dog-C/Resources/Info.plist";
				LD_RUNPATH_SEARCH_PATHS = (
					"$(inherited)",
					"@executable_path/Frameworks",
				);
				PRODUCT_BUNDLE_IDENTIFIER = "com.ianbecker.Dog-C";
				PRODUCT_NAME = "$(TARGET_NAME)";
				TARGETED_DEVICE_FAMILY = "1,2";
			};
			name = Debug;
		};
		4B8511ED24E591D4007892DE /* Release */ = {
			isa = XCBuildConfiguration;
			buildSettings = {
				ASSETCATALOG_COMPILER_APPICON_NAME = AppIcon;
				CODE_SIGN_STYLE = Automatic;
				DEVELOPMENT_TEAM = 4R3M5PR4UZ;
				INFOPLIST_FILE = "Dog-C/Resources/Info.plist";
				LD_RUNPATH_SEARCH_PATHS = (
					"$(inherited)",
					"@executable_path/Frameworks",
				);
				PRODUCT_BUNDLE_IDENTIFIER = "com.ianbecker.Dog-C";
				PRODUCT_NAME = "$(TARGET_NAME)";
				TARGETED_DEVICE_FAMILY = "1,2";
			};
			name = Release;
		};
/* End XCBuildConfiguration section */

/* Begin XCConfigurationList section */
		4B8511CD24E591D3007892DE /* Build configuration list for PBXProject "Dog-C" */ = {
			isa = XCConfigurationList;
			buildConfigurations = (
				4B8511E924E591D4007892DE /* Debug */,
				4B8511EA24E591D4007892DE /* Release */,
			);
			defaultConfigurationIsVisible = 0;
			defaultConfigurationName = Release;
		};
		4B8511EB24E591D4007892DE /* Build configuration list for PBXNativeTarget "Dog-C" */ = {
			isa = XCConfigurationList;
			buildConfigurations = (
				4B8511EC24E591D4007892DE /* Debug */,
				4B8511ED24E591D4007892DE /* Release */,
			);
			defaultConfigurationIsVisible = 0;
			defaultConfigurationName = Release;
		};
/* End XCConfigurationList section */
	};
	rootObject = 4B8511CA24E591D3007892DE /* Project object */;
}
